
Microsoft Visual Studio Solution File, Format Version 12.00
# Visual Studio Version 17
VisualStudioVersion = 17.5.33414.496
MinimumVisualStudioVersion = 10.0.40219.1
Project("{FAE04EC0-301F-11D3-BF4B-00C04F79EFBC}") = "Capstone_API", "Capstone_API\Capstone_API.csproj", "{9397B3FC-5A35-468A-8B8B-A3C1A2C38F8D}"
EndProject
Global
	GlobalSection(SolutionConfigurationPlatforms) = preSolution
		Debug|Any CPU = Debug|Any CPU
		Release|Any CPU = Release|Any CPU
	EndGlobalSection
	GlobalSection(ProjectConfigurationPlatforms) = postSolution
		{9397B3FC-5A35-468A-8B8B-A3C1A2C38F8D}.Debug|Any CPU.ActiveCfg = Debug|Any CPU
		{9397B3FC-5A35-468A-8B8B-A3C1A2C38F8D}.Debug|Any CPU.Build.0 = Debug|Any CPU
		{9397B3FC-5A35-468A-8B8B-A3C1A2C38F8D}.Release|Any CPU.ActiveCfg = Release|Any CPU
		{9397B3FC-5A35-468A-8B8B-A3C1A2C38F8D}.Release|Any CPU.Build.0 = Release|Any CPU
	EndGlobalSection
	GlobalSection(SolutionProperties) = preSolution
		HideSolutionNode = FALSE
	EndGlobalSection
	GlobalSection(ExtensibilityGlobals) = postSolution
		SolutionGuid = {E65BAFC4-8EA6-4680-A491-C231F0F6BD58}
	EndGlobalSection
EndGlobal
